
Microsoft Visual Studio Solution File, Format Version 12.00
# Visual Studio Version 17
VisualStudioVersion = 17.14.36221.1
MinimumVisualStudioVersion = 10.0.40219.1
Project("{FAE04EC0-301F-11D3-BF4B-00C04F79EFBC}") = "TodoList", "..\TodoList\TodoList.csproj", "{DF92718D-7E9A-46F1-8547-5FCEEEEFED29}"
EndProject
Global
	GlobalSection(SolutionConfigurationPlatforms) = preSolution
		Debug|Any CPU = Debug|Any CPU
		Release|Any CPU = Release|Any CPU
	EndGlobalSection
	GlobalSection(ProjectConfigurationPlatforms) = postSolution
		{DF92718D-7E9A-46F1-8547-5FCEEEEFED29}.Debug|Any CPU.ActiveCfg = Debug|Any CPU
		{DF92718D-7E9A-46F1-8547-5FCEEEEFED29}.Debug|Any CPU.Build.0 = Debug|Any CPU
		{DF92718D-7E9A-46F1-8547-5FCEEEEFED29}.Release|Any CPU.ActiveCfg = Release|Any CPU
		{DF92718D-7E9A-46F1-8547-5FCEEEEFED29}.Release|Any CPU.Build.0 = Release|Any CPU
	EndGlobalSection
	GlobalSection(SolutionProperties) = preSolution
		HideSolutionNode = FALSE
	EndGlobalSection
	GlobalSection(ExtensibilityGlobals) = postSolution
		SolutionGuid = {28894F05-EF9D-49D3-A532-8DE4E5049B46}
	EndGlobalSection
EndGlobal
